
Microsoft Visual Studio Solution File, Format Version 12.00
Project("{2150E333-8FDC-42A3-9474-1A3956D46DE8}") = "Catalog", "Catalog", "{56D2302A-D1BD-4FA6-819C-E43087A69CAE}"
EndProject
Project("{2150E333-8FDC-42A3-9474-1A3956D46DE8}") = "Catalog.API", "Catalog.API", "{92898366-BDDA-4512-A4F3-ADF6A78DCC61}"
EndProject
Project("{FAE04EC0-301F-11D3-BF4B-00C04F79EFBC}") = "Catalog.API", "Catalog\Catalog.API\Catalog.API\Catalog.API.csproj", "{1D4E58B6-2571-4BD9-8325-F210BE9F2F96}"
EndProject
Project("{2150E333-8FDC-42A3-9474-1A3956D46DE8}") = "IdentityServer", "IdentityServer", "{EEB0B6D6-E789-4CA3-9E1A-B9AA7082332A}"
EndProject
Project("{FAE04EC0-301F-11D3-BF4B-00C04F79EFBC}") = "IdentityServer", "IdentityServer\IdentityServer\IdentityServer.csproj", "{8381685F-776C-45E8-B5F2-499D0A2D985E}"
EndProject
Project("{2150E333-8FDC-42A3-9474-1A3956D46DE8}") = "Web", "Web", "{24147BC3-E69D-4355-ACBB-172947DE5A9F}"
EndProject
Project("{FAE04EC0-301F-11D3-BF4B-00C04F79EFBC}") = "MVC", "Web\MVC\MVC.csproj", "{283F2729-1036-44DB-AD98-420D2A9F85AE}"
EndProject
Global
	GlobalSection(SolutionConfigurationPlatforms) = preSolution
		Debug|Any CPU = Debug|Any CPU
		Release|Any CPU = Release|Any CPU
	EndGlobalSection
	GlobalSection(NestedProjects) = preSolution
		{92898366-BDDA-4512-A4F3-ADF6A78DCC61} = {56D2302A-D1BD-4FA6-819C-E43087A69CAE}
		{1D4E58B6-2571-4BD9-8325-F210BE9F2F96} = {92898366-BDDA-4512-A4F3-ADF6A78DCC61}
		{8381685F-776C-45E8-B5F2-499D0A2D985E} = {EEB0B6D6-E789-4CA3-9E1A-B9AA7082332A}
		{283F2729-1036-44DB-AD98-420D2A9F85AE} = {24147BC3-E69D-4355-ACBB-172947DE5A9F}
	EndGlobalSection
	GlobalSection(ProjectConfigurationPlatforms) = postSolution
		{1D4E58B6-2571-4BD9-8325-F210BE9F2F96}.Debug|Any CPU.ActiveCfg = Debug|Any CPU
		{1D4E58B6-2571-4BD9-8325-F210BE9F2F96}.Debug|Any CPU.Build.0 = Debug|Any CPU
		{1D4E58B6-2571-4BD9-8325-F210BE9F2F96}.Release|Any CPU.ActiveCfg = Release|Any CPU
		{1D4E58B6-2571-4BD9-8325-F210BE9F2F96}.Release|Any CPU.Build.0 = Release|Any CPU
		{8381685F-776C-45E8-B5F2-499D0A2D985E}.Debug|Any CPU.ActiveCfg = Debug|Any CPU
		{8381685F-776C-45E8-B5F2-499D0A2D985E}.Debug|Any CPU.Build.0 = Debug|Any CPU
		{8381685F-776C-45E8-B5F2-499D0A2D985E}.Release|Any CPU.ActiveCfg = Release|Any CPU
		{8381685F-776C-45E8-B5F2-499D0A2D985E}.Release|Any CPU.Build.0 = Release|Any CPU
		{283F2729-1036-44DB-AD98-420D2A9F85AE}.Debug|Any CPU.ActiveCfg = Debug|Any CPU
		{283F2729-1036-44DB-AD98-420D2A9F85AE}.Debug|Any CPU.Build.0 = Debug|Any CPU
		{283F2729-1036-44DB-AD98-420D2A9F85AE}.Release|Any CPU.ActiveCfg = Release|Any CPU
		{283F2729-1036-44DB-AD98-420D2A9F85AE}.Release|Any CPU.Build.0 = Release|Any CPU
	EndGlobalSection
EndGlobal
