
Microsoft Visual Studio Solution File, Format Version 12.00
Project("{2150E333-8FDC-42A3-9474-1A3956D46DE8}") = "Catalog", "Catalog", "{56D2302A-D1BD-4FA6-819C-E43087A69CAE}"
EndProject
Project("{2150E333-8FDC-42A3-9474-1A3956D46DE8}") = "Catalog.API", "Catalog.API", "{92898366-BDDA-4512-A4F3-ADF6A78DCC61}"
EndProject
Project("{FAE04EC0-301F-11D3-BF4B-00C04F79EFBC}") = "Catalog.API", "Catalog\Catalog.API\Catalog.API\Catalog.API.csproj", "{1D4E58B6-2571-4BD9-8325-F210BE9F2F96}"
EndProject
Project("{2150E333-8FDC-42A3-9474-1A3956D46DE8}") = "IdentityServer", "IdentityServer", "{EEB0B6D6-E789-4CA3-9E1A-B9AA7082332A}"
EndProject
Project("{2150E333-8FDC-42A3-9474-1A3956D46DE8}") = "Web", "Web", "{24147BC3-E69D-4355-ACBB-172947DE5A9F}"
EndProject
Project("{FAE04EC0-301F-11D3-BF4B-00C04F79EFBC}") = "MVC", "Web\MVC\MVC.csproj", "{283F2729-1036-44DB-AD98-420D2A9F85AE}"
EndProject
Project("{2150E333-8FDC-42A3-9474-1A3956D46DE8}") = "Basket", "Basket", "{2AF66419-EC11-4234-9D09-FC1A17BE3635}"
EndProject
Project("{2150E333-8FDC-42A3-9474-1A3956D46DE8}") = "Basket.API", "Basket.API", "{6D97C80D-365C-4A2E-A1E2-E16C32DBE281}"
EndProject
Project("{FAE04EC0-301F-11D3-BF4B-00C04F79EFBC}") = "Basket.API", "Basket\Basket.API\Basket.API\Basket.API.csproj", "{AD41E950-0200-46AA-AD82-5A5B76D26083}"
EndProject
Project("{2150E333-8FDC-42A3-9474-1A3956D46DE8}") = "Order", "Order", "{43AB0C43-D6C9-4B17-8D6E-AD7DE818667C}"
EndProject
Project("{FAE04EC0-301F-11D3-BF4B-00C04F79EFBC}") = "Order.API", "Order\Order.API\Order.API.csproj", "{557347E4-1C49-4E6F-A55D-1F72F884A793}"
EndProject
Project("{FAE04EC0-301F-11D3-BF4B-00C04F79EFBC}") = "IdentityServer", "IdentityServer\IdentityServer\IdentityServer.csproj", "{C47577DB-A0B4-4837-BD4A-E6B4682223E6}"
EndProject
Project("{FAE04EC0-301F-11D3-BF4B-00C04F79EFBC}") = "Shared", "Shared\Shared.csproj", "{D85A2EE8-DF9F-46D8-ABF8-29358E0AC3C7}"
EndProject
Project("{2150E333-8FDC-42A3-9474-1A3956D46DE8}") = "Shared", "Shared", "{0E535E45-A388-48C5-A0DE-7D4C076DE27A}"
	ProjectSection(SolutionItems) = preProject
		Shared\docker-compose.yaml = Shared\docker-compose.yaml
	EndProjectSection
EndProject
Project("{2150E333-8FDC-42A3-9474-1A3956D46DE8}") = "Proxy", "Proxy", "{671D80E7-4199-468F-99C3-179228C80B0A}"
EndProject
Project("{2150E333-8FDC-42A3-9474-1A3956D46DE8}") = "gateway", "gateway", "{A7ACE170-007D-43EF-A6E7-B97CCEE00CAF}"
EndProject
Project("{2150E333-8FDC-42A3-9474-1A3956D46DE8}") = "nginx", "nginx", "{4A45A2FC-44BF-41B5-B719-64095F93F464}"
	ProjectSection(SolutionItems) = preProject
		Shared\Proxy\gateway\nginx\default.conf = Shared\Proxy\gateway\nginx\default.conf
	EndProjectSection
EndProject
Project("{2150E333-8FDC-42A3-9474-1A3956D46DE8}") = "assets", "assets", "{2B256BB6-9711-433E-8F58-4539AF11A914}"
EndProject
Project("{2150E333-8FDC-42A3-9474-1A3956D46DE8}") = "images", "images", "{00ECC825-8574-4B2B-9FB7-F0DD108CED7F}"
EndProject
Global
	GlobalSection(SolutionConfigurationPlatforms) = preSolution
		Debug|Any CPU = Debug|Any CPU
		Release|Any CPU = Release|Any CPU
	EndGlobalSection
	GlobalSection(NestedProjects) = preSolution
		{92898366-BDDA-4512-A4F3-ADF6A78DCC61} = {56D2302A-D1BD-4FA6-819C-E43087A69CAE}
		{1D4E58B6-2571-4BD9-8325-F210BE9F2F96} = {92898366-BDDA-4512-A4F3-ADF6A78DCC61}
		{283F2729-1036-44DB-AD98-420D2A9F85AE} = {24147BC3-E69D-4355-ACBB-172947DE5A9F}
		{6D97C80D-365C-4A2E-A1E2-E16C32DBE281} = {2AF66419-EC11-4234-9D09-FC1A17BE3635}
		{AD41E950-0200-46AA-AD82-5A5B76D26083} = {6D97C80D-365C-4A2E-A1E2-E16C32DBE281}
		{557347E4-1C49-4E6F-A55D-1F72F884A793} = {43AB0C43-D6C9-4B17-8D6E-AD7DE818667C}
		{C47577DB-A0B4-4837-BD4A-E6B4682223E6} = {EEB0B6D6-E789-4CA3-9E1A-B9AA7082332A}
		{D85A2EE8-DF9F-46D8-ABF8-29358E0AC3C7} = {0E535E45-A388-48C5-A0DE-7D4C076DE27A}
		{671D80E7-4199-468F-99C3-179228C80B0A} = {0E535E45-A388-48C5-A0DE-7D4C076DE27A}
		{A7ACE170-007D-43EF-A6E7-B97CCEE00CAF} = {671D80E7-4199-468F-99C3-179228C80B0A}
		{4A45A2FC-44BF-41B5-B719-64095F93F464} = {A7ACE170-007D-43EF-A6E7-B97CCEE00CAF}
		{2B256BB6-9711-433E-8F58-4539AF11A914} = {671D80E7-4199-468F-99C3-179228C80B0A}
		{00ECC825-8574-4B2B-9FB7-F0DD108CED7F} = {2B256BB6-9711-433E-8F58-4539AF11A914}
	EndGlobalSection
	GlobalSection(ProjectConfigurationPlatforms) = postSolution
		{1D4E58B6-2571-4BD9-8325-F210BE9F2F96}.Debug|Any CPU.ActiveCfg = Debug|Any CPU
		{1D4E58B6-2571-4BD9-8325-F210BE9F2F96}.Debug|Any CPU.Build.0 = Debug|Any CPU
		{1D4E58B6-2571-4BD9-8325-F210BE9F2F96}.Release|Any CPU.ActiveCfg = Release|Any CPU
		{1D4E58B6-2571-4BD9-8325-F210BE9F2F96}.Release|Any CPU.Build.0 = Release|Any CPU
		{283F2729-1036-44DB-AD98-420D2A9F85AE}.Debug|Any CPU.ActiveCfg = Debug|Any CPU
		{283F2729-1036-44DB-AD98-420D2A9F85AE}.Debug|Any CPU.Build.0 = Debug|Any CPU
		{283F2729-1036-44DB-AD98-420D2A9F85AE}.Release|Any CPU.ActiveCfg = Release|Any CPU
		{283F2729-1036-44DB-AD98-420D2A9F85AE}.Release|Any CPU.Build.0 = Release|Any CPU
		{AD41E950-0200-46AA-AD82-5A5B76D26083}.Debug|Any CPU.ActiveCfg = Debug|Any CPU
		{AD41E950-0200-46AA-AD82-5A5B76D26083}.Debug|Any CPU.Build.0 = Debug|Any CPU
		{AD41E950-0200-46AA-AD82-5A5B76D26083}.Release|Any CPU.ActiveCfg = Release|Any CPU
		{AD41E950-0200-46AA-AD82-5A5B76D26083}.Release|Any CPU.Build.0 = Release|Any CPU
		{557347E4-1C49-4E6F-A55D-1F72F884A793}.Debug|Any CPU.ActiveCfg = Debug|Any CPU
		{557347E4-1C49-4E6F-A55D-1F72F884A793}.Debug|Any CPU.Build.0 = Debug|Any CPU
		{557347E4-1C49-4E6F-A55D-1F72F884A793}.Release|Any CPU.ActiveCfg = Release|Any CPU
		{557347E4-1C49-4E6F-A55D-1F72F884A793}.Release|Any CPU.Build.0 = Release|Any CPU
		{C47577DB-A0B4-4837-BD4A-E6B4682223E6}.Debug|Any CPU.ActiveCfg = Debug|Any CPU
		{C47577DB-A0B4-4837-BD4A-E6B4682223E6}.Debug|Any CPU.Build.0 = Debug|Any CPU
		{C47577DB-A0B4-4837-BD4A-E6B4682223E6}.Release|Any CPU.ActiveCfg = Release|Any CPU
		{C47577DB-A0B4-4837-BD4A-E6B4682223E6}.Release|Any CPU.Build.0 = Release|Any CPU
		{D85A2EE8-DF9F-46D8-ABF8-29358E0AC3C7}.Debug|Any CPU.ActiveCfg = Debug|Any CPU
		{D85A2EE8-DF9F-46D8-ABF8-29358E0AC3C7}.Debug|Any CPU.Build.0 = Debug|Any CPU
		{D85A2EE8-DF9F-46D8-ABF8-29358E0AC3C7}.Release|Any CPU.ActiveCfg = Release|Any CPU
		{D85A2EE8-DF9F-46D8-ABF8-29358E0AC3C7}.Release|Any CPU.Build.0 = Release|Any CPU
	EndGlobalSection
EndGlobal
